
Microsoft Visual Studio Solution File, Format Version 12.00
# Visual Studio Version 17
VisualStudioVersion = 17.5.33530.505
MinimumVisualStudioVersion = 10.0.40219.1
Project("{8BC9CEB8-8B4A-11D0-8D11-00A0C91BC942}") = "Task1", "Task1\Task1.vcxproj", "{7380D69B-7A30-451B-8F91-C69E3B6E32D0}"
EndProject
Project("{8BC9CEB8-8B4A-11D0-8D11-00A0C91BC942}") = "Task2", "Task2\Task2.vcxproj", "{0FADC660-8433-4553-894D-90939F665A77}"
EndProject
Global
	GlobalSection(SolutionConfigurationPlatforms) = preSolution
		Debug|x64 = Debug|x64
		Debug|x86 = Debug|x86
		Release|x64 = Release|x64
		Release|x86 = Release|x86
	EndGlobalSection
	GlobalSection(ProjectConfigurationPlatforms) = postSolution
		{7380D69B-7A30-451B-8F91-C69E3B6E32D0}.Debug|x64.ActiveCfg = Debug|x64
		{7380D69B-7A30-451B-8F91-C69E3B6E32D0}.Debug|x64.Build.0 = Debug|x64
		{7380D69B-7A30-451B-8F91-C69E3B6E32D0}.Debug|x86.ActiveCfg = Debug|Win32
		{7380D69B-7A30-451B-8F91-C69E3B6E32D0}.Debug|x86.Build.0 = Debug|Win32
		{7380D69B-7A30-451B-8F91-C69E3B6E32D0}.Release|x64.ActiveCfg = Release|x64
		{7380D69B-7A30-451B-8F91-C69E3B6E32D0}.Release|x64.Build.0 = Release|x64
		{7380D69B-7A30-451B-8F91-C69E3B6E32D0}.Release|x86.ActiveCfg = Release|Win32
		{7380D69B-7A30-451B-8F91-C69E3B6E32D0}.Release|x86.Build.0 = Release|Win32
		{0FADC660-8433-4553-894D-90939F665A77}.Debug|x64.ActiveCfg = Debug|x64
		{0FADC660-8433-4553-894D-90939F665A77}.Debug|x64.Build.0 = Debug|x64
		{0FADC660-8433-4553-894D-90939F665A77}.Debug|x86.ActiveCfg = Debug|Win32
		{0FADC660-8433-4553-894D-90939F665A77}.Debug|x86.Build.0 = Debug|Win32
		{0FADC660-8433-4553-894D-90939F665A77}.Release|x64.ActiveCfg = Release|x64
		{0FADC660-8433-4553-894D-90939F665A77}.Release|x64.Build.0 = Release|x64
		{0FADC660-8433-4553-894D-90939F665A77}.Release|x86.ActiveCfg = Release|Win32
		{0FADC660-8433-4553-894D-90939F665A77}.Release|x86.Build.0 = Release|Win32
	EndGlobalSection
	GlobalSection(SolutionProperties) = preSolution
		HideSolutionNode = FALSE
	EndGlobalSection
	GlobalSection(ExtensibilityGlobals) = postSolution
		SolutionGuid = {0CD04D1C-90AE-4658-A03A-7BD9B1C4D7BF}
	EndGlobalSection
EndGlobal
