
Microsoft Visual Studio Solution File, Format Version 12.00
# Visual Studio Version 17
VisualStudioVersion = 17.5.33530.505
MinimumVisualStudioVersion = 10.0.40219.1
Project("{8BC9CEB8-8B4A-11D0-8D11-00A0C91BC942}") = "Task1", "Task1\Task1.vcxproj", "{3DDBBC61-1082-4E0E-B4EE-B3F446F977FC}"
EndProject
Project("{8BC9CEB8-8B4A-11D0-8D11-00A0C91BC942}") = "Task2", "Task2\Task2.vcxproj", "{B248DB47-9602-45C3-BEB8-6A43B5652EEF}"
EndProject
Global
	GlobalSection(SolutionConfigurationPlatforms) = preSolution
		Debug|x64 = Debug|x64
		Debug|x86 = Debug|x86
		Release|x64 = Release|x64
		Release|x86 = Release|x86
	EndGlobalSection
	GlobalSection(ProjectConfigurationPlatforms) = postSolution
		{3DDBBC61-1082-4E0E-B4EE-B3F446F977FC}.Debug|x64.ActiveCfg = Debug|x64
		{3DDBBC61-1082-4E0E-B4EE-B3F446F977FC}.Debug|x64.Build.0 = Debug|x64
		{3DDBBC61-1082-4E0E-B4EE-B3F446F977FC}.Debug|x86.ActiveCfg = Debug|Win32
		{3DDBBC61-1082-4E0E-B4EE-B3F446F977FC}.Debug|x86.Build.0 = Debug|Win32
		{3DDBBC61-1082-4E0E-B4EE-B3F446F977FC}.Release|x64.ActiveCfg = Release|x64
		{3DDBBC61-1082-4E0E-B4EE-B3F446F977FC}.Release|x64.Build.0 = Release|x64
		{3DDBBC61-1082-4E0E-B4EE-B3F446F977FC}.Release|x86.ActiveCfg = Release|Win32
		{3DDBBC61-1082-4E0E-B4EE-B3F446F977FC}.Release|x86.Build.0 = Release|Win32
		{B248DB47-9602-45C3-BEB8-6A43B5652EEF}.Debug|x64.ActiveCfg = Debug|x64
		{B248DB47-9602-45C3-BEB8-6A43B5652EEF}.Debug|x64.Build.0 = Debug|x64
		{B248DB47-9602-45C3-BEB8-6A43B5652EEF}.Debug|x86.ActiveCfg = Debug|Win32
		{B248DB47-9602-45C3-BEB8-6A43B5652EEF}.Debug|x86.Build.0 = Debug|Win32
		{B248DB47-9602-45C3-BEB8-6A43B5652EEF}.Release|x64.ActiveCfg = Release|x64
		{B248DB47-9602-45C3-BEB8-6A43B5652EEF}.Release|x64.Build.0 = Release|x64
		{B248DB47-9602-45C3-BEB8-6A43B5652EEF}.Release|x86.ActiveCfg = Release|Win32
		{B248DB47-9602-45C3-BEB8-6A43B5652EEF}.Release|x86.Build.0 = Release|Win32
	EndGlobalSection
	GlobalSection(SolutionProperties) = preSolution
		HideSolutionNode = FALSE
	EndGlobalSection
	GlobalSection(ExtensibilityGlobals) = postSolution
		SolutionGuid = {E495FD0A-207B-4FED-A9B2-96BCDE3AE960}
	EndGlobalSection
EndGlobal
